
Microsoft Visual Studio Solution File, Format Version 12.00
# Visual Studio Version 16
VisualStudioVersion = 16.0.29613.14
MinimumVisualStudioVersion = 10.0.40219.1
Project("{FAE04EC0-301F-11D3-BF4B-00C04F79EFBC}") = "ConsoleApp3", "ConsoleApp3\ConsoleApp3.csproj", "{A5C924B9-C769-4E4F-AA7D-7D156005801D}"
EndProject
Global
	GlobalSection(SolutionConfigurationPlatforms) = preSolution
		Debug|Any CPU = Debug|Any CPU
		Release|Any CPU = Release|Any CPU
	EndGlobalSection
	GlobalSection(ProjectConfigurationPlatforms) = postSolution
		{A5C924B9-C769-4E4F-AA7D-7D156005801D}.Debug|Any CPU.ActiveCfg = Debug|Any CPU
		{A5C924B9-C769-4E4F-AA7D-7D156005801D}.Debug|Any CPU.Build.0 = Debug|Any CPU
		{A5C924B9-C769-4E4F-AA7D-7D156005801D}.Release|Any CPU.ActiveCfg = Release|Any CPU
		{A5C924B9-C769-4E4F-AA7D-7D156005801D}.Release|Any CPU.Build.0 = Release|Any CPU
	EndGlobalSection
	GlobalSection(SolutionProperties) = preSolution
		HideSolutionNode = FALSE
	EndGlobalSection
	GlobalSection(ExtensibilityGlobals) = postSolution
		SolutionGuid = {1D6819C3-676B-4755-BB97-AC1ADD99EBE7}
	EndGlobalSection
EndGlobal
